// !$*UTF8*$!
{
	archiveVersion = 1;
	classes = {
	};
	objectVersion = 50;
	objects = {

/* Begin PBXBuildFile section */
		246F806A25993397009BAD94 /* Tests_iOS.swift in Sources */ = {isa = PBXBuildFile; fileRef = 246F806925993397009BAD94 /* Tests_iOS.swift */; };
		246F807525993397009BAD94 /* Tests_macOS.swift in Sources */ = {isa = PBXBuildFile; fileRef = 246F807425993397009BAD94 /* Tests_macOS.swift */; };
		246F807725993397009BAD94 /* PickerAppApp.swift in Sources */ = {isa = PBXBuildFile; fileRef = 246F804E25993324009BAD94 /* PickerAppApp.swift */; };
		246F807825993397009BAD94 /* PickerAppApp.swift in Sources */ = {isa = PBXBuildFile; fileRef = 246F804E25993324009BAD94 /* PickerAppApp.swift */; };
		246F807925993397009BAD94 /* ContentView.swift in Sources */ = {isa = PBXBuildFile; fileRef = 246F804F25993324009BAD94 /* ContentView.swift */; };
		246F807A25993397009BAD94 /* ContentView.swift in Sources */ = {isa = PBXBuildFile; fileRef = 246F804F25993324009BAD94 /* ContentView.swift */; };
		246F807B25993397009BAD94 /* Assets.xcassets in Resources */ = {isa = PBXBuildFile; fileRef = 246F805025993396009BAD94 /* Assets.xcassets */; };
		246F807C25993397009BAD94 /* Assets.xcassets in Resources */ = {isa = PBXBuildFile; fileRef = 246F805025993396009BAD94 /* Assets.xcassets */; };
/* End PBXBuildFile section */

/* Begin PBXContainerItemProxy section */
		246F806625993397009BAD94 /* PBXContainerItemProxy */ = {
			isa = PBXContainerItemProxy;
			containerPortal = 246F80492599330E009BAD94 /* Project object */;
			proxyType = 1;
			remoteGlobalIDString = 246F805425993396009BAD94;
			remoteInfo = "PickerApp (iOS)";
		};
		246F807125993397009BAD94 /* PBXContainerItemProxy */ = {
			isa = PBXContainerItemProxy;
			containerPortal = 246F80492599330E009BAD94 /* Project object */;
			proxyType = 1;
			remoteGlobalIDString = 246F805C25993397009BAD94;
			remoteInfo = "PickerApp (macOS)";
		};
/* End PBXContainerItemProxy section */

/* Begin PBXFileReference section */
		246F804E25993324009BAD94 /* PickerAppApp.swift */ = {isa = PBXFileReference; lastKnownFileType = sourcecode.swift; path = PickerAppApp.swift; sourceTree = "<group>"; };
		246F804F25993324009BAD94 /* ContentView.swift */ = {isa = PBXFileReference; lastKnownFileType = sourcecode.swift; path = ContentView.swift; sourceTree = "<group>"; };
		246F805025993396009BAD94 /* Assets.xcassets */ = {isa = PBXFileReference; lastKnownFileType = folder.assetcatalog; path = Assets.xcassets; sourceTree = "<group>"; };
		246F805525993397009BAD94 /* PickerApp.app */ = {isa = PBXFileReference; explicitFileType = wrapper.application; includeInIndex = 0; path = PickerApp.app; sourceTree = BUILT_PRODUCTS_DIR; };
		246F805825993397009BAD94 /* Info.plist */ = {isa = PBXFileReference; lastKnownFileType = text.plist.xml; path = Info.plist; sourceTree = "<group>"; };
		246F805D25993397009BAD94 /* PickerApp.app */ = {isa = PBXFileReference; explicitFileType = wrapper.application; includeInIndex = 0; path = PickerApp.app; sourceTree = BUILT_PRODUCTS_DIR; };
		246F805F25993397009BAD94 /* Info.plist */ = {isa = PBXFileReference; lastKnownFileType = text.plist.xml; path = Info.plist; sourceTree = "<group>"; };
		246F806025993397009BAD94 /* macOS.entitlements */ = {isa = PBXFileReference; lastKnownFileType = text.plist.entitlements; path = macOS.entitlements; sourceTree = "<group>"; };
		246F806525993397009BAD94 /* Tests iOS.xctest */ = {isa = PBXFileReference; explicitFileType = wrapper.cfbundle; includeInIndex = 0; path = "Tests iOS.xctest"; sourceTree = BUILT_PRODUCTS_DIR; };
		246F806925993397009BAD94 /* Tests_iOS.swift */ = {isa = PBXFileReference; lastKnownFileType = sourcecode.swift; path = Tests_iOS.swift; sourceTree = "<group>"; };
		246F806B25993397009BAD94 /* Info.plist */ = {isa = PBXFileReference; lastKnownFileType = text.plist.xml; path = Info.plist; sourceTree = "<group>"; };
		246F807025993397009BAD94 /* Tests macOS.xctest */ = {isa = PBXFileReference; explicitFileType = wrapper.cfbundle; includeInIndex = 0; path = "Tests macOS.xctest"; sourceTree = BUILT_PRODUCTS_DIR; };
		246F807425993397009BAD94 /* Tests_macOS.swift */ = {isa = PBXFileReference; lastKnownFileType = sourcecode.swift; path = Tests_macOS.swift; sourceTree = "<group>"; };
		246F807625993397009BAD94 /* Info.plist */ = {isa = PBXFileReference; lastKnownFileType = text.plist.xml; path = Info.plist; sourceTree = "<group>"; };
/* End PBXFileReference section */

/* Begin PBXFrameworksBuildPhase section */
		246F805225993396009BAD94 /* Frameworks */ = {
			isa = PBXFrameworksBuildPhase;
			buildActionMask = 2147483647;
			files = (
			);
			runOnlyForDeploymentPostprocessing = 0;
		};
		246F805A25993397009BAD94 /* Frameworks */ = {
			isa = PBXFrameworksBuildPhase;
			buildActionMask = 2147483647;
			files = (
			);
			runOnlyForDeploymentPostprocessing = 0;
		};
		246F806225993397009BAD94 /* Frameworks */ = {
			isa = PBXFrameworksBuildPhase;
			buildActionMask = 2147483647;
			files = (
			);
			runOnlyForDeploymentPostprocessing = 0;
		};
		246F806D25993397009BAD94 /* Frameworks */ = {
			isa = PBXFrameworksBuildPhase;
			buildActionMask = 2147483647;
			files = (
			);
			runOnlyForDeploymentPostprocessing = 0;
		};
/* End PBXFrameworksBuildPhase section */

/* Begin PBXGroup section */
		246F80482599330D009BAD94 = {
			isa = PBXGroup;
			children = (
				246F804D25993323009BAD94 /* Shared */,
				246F805725993397009BAD94 /* iOS */,
				246F805E25993397009BAD94 /* macOS */,
				246F806825993397009BAD94 /* Tests iOS */,
				246F807325993397009BAD94 /* Tests macOS */,
				246F805625993397009BAD94 /* Products */,
			);
			sourceTree = "<group>";
		};
		246F804D25993323009BAD94 /* Shared */ = {
			isa = PBXGroup;
			children = (
				246F804E25993324009BAD94 /* PickerAppApp.swift */,
				246F804F25993324009BAD94 /* ContentView.swift */,
				246F805025993396009BAD94 /* Assets.xcassets */,
			);
			path = Shared;
			sourceTree = "<group>";
		};
		246F805625993397009BAD94 /* Products */ = {
			isa = PBXGroup;
			children = (
				246F805525993397009BAD94 /* PickerApp.app */,
				246F805D25993397009BAD94 /* PickerApp.app */,
				246F806525993397009BAD94 /* Tests iOS.xctest */,
				246F807025993397009BAD94 /* Tests macOS.xctest */,
			);
			name = Products;
			sourceTree = "<group>";
		};
		246F805725993397009BAD94 /* iOS */ = {
			isa = PBXGroup;
			children = (
				246F805825993397009BAD94 /* Info.plist */,
			);
			path = iOS;
			sourceTree = "<group>";
		};
		246F805E25993397009BAD94 /* macOS */ = {
			isa = PBXGroup;
			children = (
				246F805F25993397009BAD94 /* Info.plist */,
				246F806025993397009BAD94 /* macOS.entitlements */,
			);
			path = macOS;
			sourceTree = "<group>";
		};
		246F806825993397009BAD94 /* Tests iOS */ = {
			isa = PBXGroup;
			children = (
				246F806925993397009BAD94 /* Tests_iOS.swift */,
				246F806B25993397009BAD94 /* Info.plist */,
			);
			path = "Tests iOS";
			sourceTree = "<group>";
		};
		246F807325993397009BAD94 /* Tests macOS */ = {
			isa = PBXGroup;
			children = (
				246F807425993397009BAD94 /* Tests_macOS.swift */,
				246F807625993397009BAD94 /* Info.plist */,
			);
			path = "Tests macOS";
			sourceTree = "<group>";
		};
/* End PBXGroup section */

/* Begin PBXNativeTarget section */
		246F805425993396009BAD94 /* PickerApp (iOS) */ = {
			isa = PBXNativeTarget;
			buildConfigurationList = 246F807F25993397009BAD94 /* Build configuration list for PBXNativeTarget "PickerApp (iOS)" */;
			buildPhases = (
				246F805125993396009BAD94 /* Sources */,
				246F805225993396009BAD94 /* Frameworks */,
				246F805325993396009BAD94 /* Resources */,
			);
			buildRules = (
			);
			dependencies = (
			);
			name = "PickerApp (iOS)";
			productName = "PickerApp (iOS)";
			productReference = 246F805525993397009BAD94 /* PickerApp.app */;
			productType = "com.apple.product-type.application";
		};
		246F805C25993397009BAD94 /* PickerApp (macOS) */ = {
			isa = PBXNativeTarget;
			buildConfigurationList = 246F808225993397009BAD94 /* Build configuration list for PBXNativeTarget "PickerApp (macOS)" */;
			buildPhases = (
				246F805925993397009BAD94 /* Sources */,
				246F805A25993397009BAD94 /* Frameworks */,
				246F805B25993397009BAD94 /* Resources */,
			);
			buildRules = (
			);
			dependencies = (
			);
			name = "PickerApp (macOS)";
			productName = "PickerApp (macOS)";
			productReference = 246F805D25993397009BAD94 /* PickerApp.app */;
			productType = "com.apple.product-type.application";
		};
		246F806425993397009BAD94 /* Tests iOS */ = {
			isa = PBXNativeTarget;
			buildConfigurationList = 246F808525993397009BAD94 /* Build configuration list for PBXNativeTarget "Tests iOS" */;
			buildPhases = (
				246F806125993397009BAD94 /* Sources */,
				246F806225993397009BAD94 /* Frameworks */,
				246F806325993397009BAD94 /* Resources */,
			);
			buildRules = (
			);
			dependencies = (
				246F806725993397009BAD94 /* PBXTargetDependency */,
			);
			name = "Tests iOS";
			productName = "Tests iOS";
			productReference = 246F806525993397009BAD94 /* Tests iOS.xctest */;
			productType = "com.apple.product-type.bundle.ui-testing";
		};
		246F806F25993397009BAD94 /* Tests macOS */ = {
			isa = PBXNativeTarget;
			buildConfigurationList = 246F808825993397009BAD94 /* Build configuration list for PBXNativeTarget "Tests macOS" */;
			buildPhases = (
				246F806C25993397009BAD94 /* Sources */,
				246F806D25993397009BAD94 /* Frameworks */,
				246F806E25993397009BAD94 /* Resources */,
			);
			buildRules = (
			);
			dependencies = (
				246F807225993397009BAD94 /* PBXTargetDependency */,
			);
			name = "Tests macOS";
			productName = "Tests macOS";
			productReference = 246F807025993397009BAD94 /* Tests macOS.xctest */;
			productType = "com.apple.product-type.bundle.ui-testing";
		};
/* End PBXNativeTarget section */

/* Begin PBXProject section */
		246F80492599330E009BAD94 /* Project object */ = {
			isa = PBXProject;
			attributes = {
				LastSwiftUpdateCheck = 1220;
				LastUpgradeCheck = 1220;
				TargetAttributes = {
					246F805425993396009BAD94 = {
						CreatedOnToolsVersion = 12.2;
					};
					246F805C25993397009BAD94 = {
						CreatedOnToolsVersion = 12.2;
					};
					246F806425993397009BAD94 = {
						CreatedOnToolsVersion = 12.2;
						TestTargetID = 246F805425993396009BAD94;
					};
					246F806F25993397009BAD94 = {
						CreatedOnToolsVersion = 12.2;
						TestTargetID = 246F805C25993397009BAD94;
					};
				};
			};
			buildConfigurationList = 246F804C2599330E009BAD94 /* Build configuration list for PBXProject "PickerApp" */;
			compatibilityVersion = "Xcode 9.3";
			developmentRegion = en;
			hasScannedForEncodings = 0;
			knownRegions = (
				en,
				Base,
			);
			mainGroup = 246F80482599330D009BAD94;
			productRefGroup = 246F805625993397009BAD94 /* Products */;
			projectDirPath = "";
			projectRoot = "";
			targets = (
				246F805425993396009BAD94 /* PickerApp (iOS) */,
				246F805C25993397009BAD94 /* PickerApp (macOS) */,
				246F806425993397009BAD94 /* Tests iOS */,
				246F806F25993397009BAD94 /* Tests macOS */,
			);
		};
/* End PBXProject section */

/* Begin PBXResourcesBuildPhase section */
		246F805325993396009BAD94 /* Resources */ = {
			isa = PBXResourcesBuildPhase;
			buildActionMask = 2147483647;
			files = (
				246F807B25993397009BAD94 /* Assets.xcassets in Resources */,
			);
			runOnlyForDeploymentPostprocessing = 0;
		};
		246F805B25993397009BAD94 /* Resources */ = {
			isa = PBXResourcesBuildPhase;
			buildActionMask = 2147483647;
			files = (
				246F807C25993397009BAD94 /* Assets.xcassets in Resources */,
			);
			runOnlyForDeploymentPostprocessing = 0;
		};
		246F806325993397009BAD94 /* Resources */ = {
			isa = PBXResourcesBuildPhase;
			buildActionMask = 2147483647;
			files = (
			);
			runOnlyForDeploymentPostprocessing = 0;
		};
		246F806E25993397009BAD94 /* Resources */ = {
			isa = PBXResourcesBuildPhase;
			buildActionMask = 2147483647;
			files = (
			);
			runOnlyForDeploymentPostprocessing = 0;
		};
/* End PBXResourcesBuildPhase section */

/* Begin PBXSourcesBuildPhase section */
		246F805125993396009BAD94 /* Sources */ = {
			isa = PBXSourcesBuildPhase;
			buildActionMask = 2147483647;
			files = (
				246F807925993397009BAD94 /* ContentView.swift in Sources */,
				246F807725993397009BAD94 /* PickerAppApp.swift in Sources */,
			);
			runOnlyForDeploymentPostprocessing = 0;
		};
		246F805925993397009BAD94 /* Sources */ = {
			isa = PBXSourcesBuildPhase;
			buildActionMask = 2147483647;
			files = (
				246F807A25993397009BAD94 /* ContentView.swift in Sources */,
				246F807825993397009BAD94 /* PickerAppApp.swift in Sources */,
			);
			runOnlyForDeploymentPostprocessing = 0;
		};
		246F806125993397009BAD94 /* Sources */ = {
			isa = PBXSourcesBuildPhase;
			buildActionMask = 2147483647;
			files = (
				246F806A25993397009BAD94 /* Tests_iOS.swift in Sources */,
			);
			runOnlyForDeploymentPostprocessing = 0;
		};
		246F806C25993397009BAD94 /* Sources */ = {
			isa = PBXSourcesBuildPhase;
			buildActionMask = 2147483647;
			files = (
				246F807525993397009BAD94 /* Tests_macOS.swift in Sources */,
			);
			runOnlyForDeploymentPostprocessing = 0;
		};
/* End PBXSourcesBuildPhase section */

/* Begin PBXTargetDependency section */
		246F806725993397009BAD94 /* PBXTargetDependency */ = {
			isa = PBXTargetDependency;
			target = 246F805425993396009BAD94 /* PickerApp (iOS) */;
			targetProxy = 246F806625993397009BAD94 /* PBXContainerItemProxy */;
		};
		246F807225993397009BAD94 /* PBXTargetDependency */ = {
			isa = PBXTargetDependency;
			target = 246F805C25993397009BAD94 /* PickerApp (macOS) */;
			targetProxy = 246F807125993397009BAD94 /* PBXContainerItemProxy */;
		};
/* End PBXTargetDependency section */

/* Begin XCBuildConfiguration section */
		246F807D25993397009BAD94 /* Debug */ = {
			isa = XCBuildConfiguration;
			buildSettings = {
				ALWAYS_SEARCH_USER_PATHS = NO;
				CLANG_ANALYZER_NONNULL = YES;
				CLANG_ANALYZER_NUMBER_OBJECT_CONVERSION = YES_AGGRESSIVE;
				CLANG_CXX_LANGUAGE_STANDARD = "gnu++14";
				CLANG_CXX_LIBRARY = "libc++";
				CLANG_ENABLE_MODULES = YES;
				CLANG_ENABLE_OBJC_ARC = YES;
				CLANG_ENABLE_OBJC_WEAK = YES;
				CLANG_WARN_BLOCK_CAPTURE_AUTORELEASING = YES;
				CLANG_WARN_BOOL_CONVERSION = YES;
				CLANG_WARN_COMMA = YES;
				CLANG_WARN_CONSTANT_CONVERSION = YES;
				CLANG_WARN_DEPRECATED_OBJC_IMPLEMENTATIONS = YES;
				CLANG_WARN_DIRECT_OBJC_ISA_USAGE = YES_ERROR;
				CLANG_WARN_DOCUMENTATION_COMMENTS = YES;
				CLANG_WARN_EMPTY_BODY = YES;
				CLANG_WARN_ENUM_CONVERSION = YES;
				CLANG_WARN_INFINITE_RECURSION = YES;
				CLANG_WARN_INT_CONVERSION = YES;
				CLANG_WARN_NON_LITERAL_NULL_CONVERSION = YES;
				CLANG_WARN_OBJC_IMPLICIT_RETAIN_SELF = YES;
				CLANG_WARN_OBJC_LITERAL_CONVERSION = YES;
				CLANG_WARN_OBJC_ROOT_CLASS = YES_ERROR;
				CLANG_WARN_QUOTED_INCLUDE_IN_FRAMEWORK_HEADER = YES;
				CLANG_WARN_RANGE_LOOP_ANALYSIS = YES;
				CLANG_WARN_STRICT_PROTOTYPES = YES;
				CLANG_WARN_SUSPICIOUS_MOVE = YES;
				CLANG_WARN_UNGUARDED_AVAILABILITY = YES_AGGRESSIVE;
				CLANG_WARN_UNREACHABLE_CODE = YES;
				CLANG_WARN__DUPLICATE_METHOD_MATCH = YES;
				COPY_PHASE_STRIP = NO;
				DEBUG_INFORMATION_FORMAT = dwarf;
				ENABLE_STRICT_OBJC_MSGSEND = YES;
				ENABLE_TESTABILITY = YES;
				GCC_C_LANGUAGE_STANDARD = gnu11;
				GCC_DYNAMIC_NO_PIC = NO;
				GCC_NO_COMMON_BLOCKS = YES;
				GCC_OPTIMIZATION_LEVEL = 0;
				GCC_PREPROCESSOR_DEFINITIONS = (
					"DEBUG=1",
					"$(inherited)",
				);
				GCC_WARN_64_TO_32_BIT_CONVERSION = YES;
				GCC_WARN_ABOUT_RETURN_TYPE = YES_ERROR;
				GCC_WARN_UNDECLARED_SELECTOR = YES;
				GCC_WARN_UNINITIALIZED_AUTOS = YES_AGGRESSIVE;
				GCC_WARN_UNUSED_FUNCTION = YES;
				GCC_WARN_UNUSED_VARIABLE = YES;
				MTL_ENABLE_DEBUG_INFO = INCLUDE_SOURCE;
				MTL_FAST_MATH = YES;
				ONLY_ACTIVE_ARCH = YES;
				SWIFT_ACTIVE_COMPILATION_CONDITIONS = DEBUG;
				SWIFT_OPTIMIZATION_LEVEL = "-Onone";
			};
			name = Debug;
		};
		246F807E25993397009BAD94 /* Release */ = {
			isa = XCBuildConfiguration;
			buildSettings = {
				ALWAYS_SEARCH_USER_PATHS = NO;
				CLANG_ANALYZER_NONNULL = YES;
				CLANG_ANALYZER_NUMBER_OBJECT_CONVERSION = YES_AGGRESSIVE;
				CLANG_CXX_LANGUAGE_STANDARD = "gnu++14";
				CLANG_CXX_LIBRARY = "libc++";
				CLANG_ENABLE_MODULES = YES;
				CLANG_ENABLE_OBJC_ARC = YES;
				CLANG_ENABLE_OBJC_WEAK = YES;
				CLANG_WARN_BLOCK_CAPTURE_AUTORELEASING = YES;
				CLANG_WARN_BOOL_CONVERSION = YES;
				CLANG_WARN_COMMA = YES;
				CLANG_WARN_CONSTANT_CONVERSION = YES;
				CLANG_WARN_DEPRECATED_OBJC_IMPLEMENTATIONS = YES;
				CLANG_WARN_DIRECT_OBJC_ISA_USAGE = YES_ERROR;
				CLANG_WARN_DOCUMENTATION_COMMENTS = YES;
				CLANG_WARN_EMPTY_BODY = YES;
				CLANG_WARN_ENUM_CONVERSION = YES;
				CLANG_WARN_INFINITE_RECURSION = YES;
				CLANG_WARN_INT_CONVERSION = YES;
				CLANG_WARN_NON_LITERAL_NULL_CONVERSION = YES;
				CLANG_WARN_OBJC_IMPLICIT_RETAIN_SELF = YES;
				CLANG_WARN_OBJC_LITERAL_CONVERSION = YES;
				CLANG_WARN_OBJC_ROOT_CLASS = YES_ERROR;
				CLANG_WARN_QUOTED_INCLUDE_IN_FRAMEWORK_HEADER = YES;
				CLANG_WARN_RANGE_LOOP_ANALYSIS = YES;
				CLANG_WARN_STRICT_PROTOTYPES = YES;
				CLANG_WARN_SUSPICIOUS_MOVE = YES;
				CLANG_WARN_UNGUARDED_AVAILABILITY = YES_AGGRESSIVE;
				CLANG_WARN_UNREACHABLE_CODE = YES;
				CLANG_WARN__DUPLICATE_METHOD_MATCH = YES;
				COPY_PHASE_STRIP = NO;
				DEBUG_INFORMATION_FORMAT = "dwarf-with-dsym";
				ENABLE_NS_ASSERTIONS = NO;
				ENABLE_STRICT_OBJC_MSGSEND = YES;
				GCC_C_LANGUAGE_STANDARD = gnu11;
				GCC_NO_COMMON_BLOCKS = YES;
				GCC_WARN_64_TO_32_BIT_CONVERSION = YES;
				GCC_WARN_ABOUT_RETURN_TYPE = YES_ERROR;
				GCC_WARN_UNDECLARED_SELECTOR = YES;
				GCC_WARN_UNINITIALIZED_AUTOS = YES_AGGRESSIVE;
				GCC_WARN_UNUSED_FUNCTION = YES;
				GCC_WARN_UNUSED_VARIABLE = YES;
				MTL_ENABLE_DEBUG_INFO = NO;
				MTL_FAST_MATH = YES;
				SWIFT_COMPILATION_MODE = wholemodule;
				SWIFT_OPTIMIZATION_LEVEL = "-O";
			};
			name = Release;
		};
		246F808025993397009BAD94 /* Debug */ = {
			isa = XCBuildConfiguration;
			buildSettings = {
				ASSETCATALOG_COMPILER_APPICON_NAME = AppIcon;
				ASSETCATALOG_COMPILER_GLOBAL_ACCENT_COLOR_NAME = AccentColor;
				CODE_SIGN_STYLE = Automatic;
				DEVELOPMENT_TEAM = 4Q6S759NWS;
				ENABLE_PREVIEWS = YES;
				INFOPLIST_FILE = iOS/Info.plist;
				IPHONEOS_DEPLOYMENT_TARGET = 14.0;
				LD_RUNPATH_SEARCH_PATHS = (
					"$(inherited)",
					"@executable_path/Frameworks",
				);
				PRODUCT_BUNDLE_IDENTIFIER = Temi.PickerApp;
				PRODUCT_NAME = PickerApp;
				SDKROOT = iphoneos;
				SWIFT_VERSION = 5.0;
				TARGETED_DEVICE_FAMILY = "1,2";
			};
			name = Debug;
		};
		246F808125993397009BAD94 /* Release */ = {
			isa = XCBuildConfiguration;
			buildSettings = {
				ASSETCATALOG_COMPILER_APPICON_NAME = AppIcon;
				ASSETCATALOG_COMPILER_GLOBAL_ACCENT_COLOR_NAME = AccentColor;
				CODE_SIGN_STYLE = Automatic;
				DEVELOPMENT_TEAM = 4Q6S759NWS;
				ENABLE_PREVIEWS = YES;
				INFOPLIST_FILE = iOS/Info.plist;
				IPHONEOS_DEPLOYMENT_TARGET = 14.0;
				LD_RUNPATH_SEARCH_PATHS = (
					"$(inherited)",
					"@executable_path/Frameworks",
				);
				PRODUCT_BUNDLE_IDENTIFIER = Temi.PickerApp;
				PRODUCT_NAME = PickerApp;
				SDKROOT = iphoneos;
				SWIFT_VERSION = 5.0;
				TARGETED_DEVICE_FAMILY = "1,2";
				VALIDATE_PRODUCT = YES;
			};
			name = Release;
		};
		246F808325993397009BAD94 /* Debug */ = {
			isa = XCBuildConfiguration;
			buildSettings = {
				ASSETCATALOG_COMPILER_APPICON_NAME = AppIcon;
				ASSETCATALOG_COMPILER_GLOBAL_ACCENT_COLOR_NAME = AccentColor;
				CODE_SIGN_ENTITLEMENTS = macOS/macOS.entitlements;
				CODE_SIGN_STYLE = Automatic;
				COMBINE_HIDPI_IMAGES = YES;
				DEVELOPMENT_TEAM = 4Q6S759NWS;
				ENABLE_HARDENED_RUNTIME = YES;
				ENABLE_PREVIEWS = YES;
				INFOPLIST_FILE = macOS/Info.plist;
				LD_RUNPATH_SEARCH_PATHS = (
					"$(inherited)",
					"@executable_path/../Frameworks",
				);
				MACOSX_DEPLOYMENT_TARGET = 11.0;
				PRODUCT_BUNDLE_IDENTIFIER = Temi.PickerApp;
				PRODUCT_NAME = PickerApp;
				SDKROOT = macosx;
				SWIFT_VERSION = 5.0;
			};
			name = Debug;
		};
		246F808425993397009BAD94 /* Release */ = {
			isa = XCBuildConfiguration;
			buildSettings = {
				ASSETCATALOG_COMPILER_APPICON_NAME = AppIcon;
				ASSETCATALOG_COMPILER_GLOBAL_ACCENT_COLOR_NAME = AccentColor;
				CODE_SIGN_ENTITLEMENTS = macOS/macOS.entitlements;
				CODE_SIGN_STYLE = Automatic;
				COMBINE_HIDPI_IMAGES = YES;
				DEVELOPMENT_TEAM = 4Q6S759NWS;
				ENABLE_HARDENED_RUNTIME = YES;
				ENABLE_PREVIEWS = YES;
				INFOPLIST_FILE = macOS/Info.plist;
				LD_RUNPATH_SEARCH_PATHS = (
					"$(inherited)",
					"@executable_path/../Frameworks",
				);
				MACOSX_DEPLOYMENT_TARGET = 11.0;
				PRODUCT_BUNDLE_IDENTIFIER = Temi.PickerApp;
				PRODUCT_NAME = PickerApp;
				SDKROOT = macosx;
				SWIFT_VERSION = 5.0;
			};
			name = Release;
		};
		246F808625993397009BAD94 /* Debug */ = {
			isa = XCBuildConfiguration;
			buildSettings = {
				ALWAYS_EMBED_SWIFT_STANDARD_LIBRARIES = YES;
				CODE_SIGN_STYLE = Automatic;
				DEVELOPMENT_TEAM = 4Q6S759NWS;
				INFOPLIST_FILE = "Tests iOS/Info.plist";
				IPHONEOS_DEPLOYMENT_TARGET = 14.2;
				LD_RUNPATH_SEARCH_PATHS = (
					"$(inherited)",
					"@executable_path/Frameworks",
					"@loader_path/Frameworks",
				);
				PRODUCT_BUNDLE_IDENTIFIER = "Temi.Tests-iOS";
				PRODUCT_NAME = "$(TARGET_NAME)";
				SDKROOT = iphoneos;
				SWIFT_VERSION = 5.0;
				TARGETED_DEVICE_FAMILY = "1,2";
				TEST_TARGET_NAME = "PickerApp (iOS)";
			};
			name = Debug;
		};
		246F808725993397009BAD94 /* Release */ = {
			isa = XCBuildConfiguration;
			buildSettings = {
				ALWAYS_EMBED_SWIFT_STANDARD_LIBRARIES = YES;
				CODE_SIGN_STYLE = Automatic;
				DEVELOPMENT_TEAM = 4Q6S759NWS;
				INFOPLIST_FILE = "Tests iOS/Info.plist";
				IPHONEOS_DEPLOYMENT_TARGET = 14.2;
				LD_RUNPATH_SEARCH_PATHS = (
					"$(inherited)",
					"@executable_path/Frameworks",
					"@loader_path/Frameworks",
				);
				PRODUCT_BUNDLE_IDENTIFIER = "Temi.Tests-iOS";
				PRODUCT_NAME = "$(TARGET_NAME)";
				SDKROOT = iphoneos;
				SWIFT_VERSION = 5.0;
				TARGETED_DEVICE_FAMILY = "1,2";
				TEST_TARGET_NAME = "PickerApp (iOS)";
				VALIDATE_PRODUCT = YES;
			};
			name = Release;
		};
		246F808925993397009BAD94 /* Debug */ = {
			isa = XCBuildConfiguration;
			buildSettings = {
				ALWAYS_EMBED_SWIFT_STANDARD_LIBRARIES = YES;
				CODE_SIGN_STYLE = Automatic;
				COMBINE_HIDPI_IMAGES = YES;
				DEVELOPMENT_TEAM = 4Q6S759NWS;
				INFOPLIST_FILE = "Tests macOS/Info.plist";
				LD_RUNPATH_SEARCH_PATHS = (
					"$(inherited)",
					"@executable_path/../Frameworks",
					"@loader_path/../Frameworks",
				);
				MACOSX_DEPLOYMENT_TARGET = 11.0;
				PRODUCT_BUNDLE_IDENTIFIER = "Temi.Tests-macOS";
				PRODUCT_NAME = "$(TARGET_NAME)";
				SDKROOT = macosx;
				SWIFT_VERSION = 5.0;
				TEST_TARGET_NAME = "PickerApp (macOS)";
			};
			name = Debug;
		};
		246F808A25993397009BAD94 /* Release */ = {
			isa = XCBuildConfiguration;
			buildSettings = {
				ALWAYS_EMBED_SWIFT_STANDARD_LIBRARIES = YES;
				CODE_SIGN_STYLE = Automatic;
				COMBINE_HIDPI_IMAGES = YES;
				DEVELOPMENT_TEAM = 4Q6S759NWS;
				INFOPLIST_FILE = "Tests macOS/Info.plist";
				LD_RUNPATH_SEARCH_PATHS = (
					"$(inherited)",
					"@executable_path/../Frameworks",
					"@loader_path/../Frameworks",
				);
				MACOSX_DEPLOYMENT_TARGET = 11.0;
				PRODUCT_BUNDLE_IDENTIFIER = "Temi.Tests-macOS";
				PRODUCT_NAME = "$(TARGET_NAME)";
				SDKROOT = macosx;
				SWIFT_VERSION = 5.0;
				TEST_TARGET_NAME = "PickerApp (macOS)";
			};
			name = Release;
		};
/* End XCBuildConfiguration section */

/* Begin XCConfigurationList section */
		246F804C2599330E009BAD94 /* Build configuration list for PBXProject "PickerApp" */ = {
			isa = XCConfigurationList;
			buildConfigurations = (
				246F807D25993397009BAD94 /* Debug */,
				246F807E25993397009BAD94 /* Release */,
			);
			defaultConfigurationIsVisible = 0;
			defaultConfigurationName = Release;
		};
		246F807F25993397009BAD94 /* Build configuration list for PBXNativeTarget "PickerApp (iOS)" */ = {
			isa = XCConfigurationList;
			buildConfigurations = (
				246F808025993397009BAD94 /* Debug */,
				246F808125993397009BAD94 /* Release */,
			);
			defaultConfigurationIsVisible = 0;
			defaultConfigurationName = Release;
		};
		246F808225993397009BAD94 /* Build configuration list for PBXNativeTarget "PickerApp (macOS)" */ = {
			isa = XCConfigurationList;
			buildConfigurations = (
				246F808325993397009BAD94 /* Debug */,
				246F808425993397009BAD94 /* Release */,
			);
			defaultConfigurationIsVisible = 0;
			defaultConfigurationName = Release;
		};
		246F808525993397009BAD94 /* Build configuration list for PBXNativeTarget "Tests iOS" */ = {
			isa = XCConfigurationList;
			buildConfigurations = (
				246F808625993397009BAD94 /* Debug */,
				246F808725993397009BAD94 /* Release */,
			);
			defaultConfigurationIsVisible = 0;
			defaultConfigurationName = Release;
		};
		246F808825993397009BAD94 /* Build configuration list for PBXNativeTarget "Tests macOS" */ = {
			isa = XCConfigurationList;
			buildConfigurations = (
				246F808925993397009BAD94 /* Debug */,
				246F808A25993397009BAD94 /* Release */,
			);
			defaultConfigurationIsVisible = 0;
			defaultConfigurationName = Release;
		};
/* End XCConfigurationList section */
	};
	rootObject = 246F80492599330E009BAD94 /* Project object */;
}
